PODS:
  - FLAnimatedImage (1.0.12)
  - IRFFMpeg (4.2.19):
    - IRFFMpeg/FFMpegLib (= 4.2.19)
  - IRFFMpeg/FFMpegLib (4.2.19)
  - IRPlayer (0.3.5):
    - IRFFMpeg

DEPENDENCIES:
  - FLAnimatedImage (~> 1.0)
  - IRPlayer (from `../IRPlayer/IRPlayer/IRPlayer_dev.podspec`)

SPEC REPOS:
  trunk:
    - FLAnimatedImage
    - IRFFMpeg

EXTERNAL SOURCES:
  IRPlayer:
    :path: "../IRPlayer/IRPlayer/IRPlayer_dev.podspec"

SPEC CHECKSUMS:
  FLAnimatedImage: 4a0b56255d9b05f18b6dd7ee06871be5d3b89e31
  IRFFMpeg: 50e159994f9c7c1136b19fc1dea96b4c903b1c9c
  IRPlayer: 07a1888e7ed8dca4512d318b82eacd93d0ae1a8e

PODFILE CHECKSUM: abb5fc84298bb7ea1162627015faad6ba2d3508b

COCOAPODS: 1.8.4
